
Microsoft Visual Studio Solution File, Format Version 12.00
# Visual Studio Version 17
VisualStudioVersion = 17.4.33205.214
MinimumVisualStudioVersion = 10.0.40219.1
Project("{8BC9CEB8-8B4A-11D0-8D11-00A0C91BC942}") = "LBMDemo", "LBMDemo.vcxproj", "{41B15328-80C3-444A-B209-D1E454F04405}"
EndProject
Global
	GlobalSection(SolutionConfigurationPlatforms) = preSolution
		Debug|x64 = Debug|x64
		Release|x64 = Release|x64
	EndGlobalSection
	GlobalSection(ProjectConfigurationPlatforms) = postSolution
		{41B15328-80C3-444A-B209-D1E454F04405}.Debug|x64.ActiveCfg = Debug|x64
		{41B15328-80C3-444A-B209-D1E454F04405}.Debug|x64.Build.0 = Debug|x64
		{41B15328-80C3-444A-B209-D1E454F04405}.Release|x64.ActiveCfg = Release|x64
		{41B15328-80C3-444A-B209-D1E454F04405}.Release|x64.Build.0 = Release|x64
	EndGlobalSection
	GlobalSection(SolutionProperties) = preSolution
		HideSolutionNode = FALSE
	EndGlobalSection
	GlobalSection(ExtensibilityGlobals) = postSolution
		SolutionGuid = {3C33DD74-E8CF-4BB3-A284-DE86A9EA4A8A}
	EndGlobalSection
EndGlobal
